// !$*UTF8*$!
{
	archiveVersion = 1;
	classes = {
	};
	objectVersion = 56;
	objects = {

/* Begin PBXBuildFile section */
		C7FFAFD428F58901002464CD /* AppDelegate.swift in Sources */ = {isa = PBXBuildFile; fileRef = C7FFAFD328F58901002464CD /* AppDelegate.swift */; };
		C7FFAFD628F58901002464CD /* SceneDelegate.swift in Sources */ = {isa = PBXBuildFile; fileRef = C7FFAFD528F58901002464CD /* SceneDelegate.swift */; };
		C7FFAFD828F58901002464CD /* ViewController.swift in Sources */ = {isa = PBXBuildFile; fileRef = C7FFAFD728F58901002464CD /* ViewController.swift */; };
		C7FFAFDB28F58901002464CD /* Main.storyboard in Resources */ = {isa = PBXBuildFile; fileRef = C7FFAFD928F58901002464CD /* Main.storyboard */; };
		C7FFAFDD28F58902002464CD /* Assets.xcassets in Resources */ = {isa = PBXBuildFile; fileRef = C7FFAFDC28F58902002464CD /* Assets.xcassets */; };
		C7FFAFE028F58902002464CD /* LaunchScreen.storyboard in Resources */ = {isa = PBXBuildFile; fileRef = C7FFAFDE28F58902002464CD /* LaunchScreen.storyboard */; };
/* End PBXBuildFile section */

/* Begin PBXFileReference section */
		C7FFAFD028F58901002464CD /* Currency-Exchange.app */ = {isa = PBXFileReference; explicitFileType = wrapper.application; includeInIndex = 0; path = "Currency-Exchange.app"; sourceTree = BUILT_PRODUCTS_DIR; };
		C7FFAFD328F58901002464CD /* AppDelegate.swift */ = {isa = PBXFileReference; lastKnownFileType = sourcecode.swift; path = AppDelegate.swift; sourceTree = "<group>"; };
		C7FFAFD528F58901002464CD /* SceneDelegate.swift */ = {isa = PBXFileReference; lastKnownFileType = sourcecode.swift; path = SceneDelegate.swift; sourceTree = "<group>"; };
		C7FFAFD728F58901002464CD /* ViewController.swift */ = {isa = PBXFileReference; lastKnownFileType = sourcecode.swift; path = ViewController.swift; sourceTree = "<group>"; };
		C7FFAFDA28F58901002464CD /* Base */ = {isa = PBXFileReference; lastKnownFileType = file.storyboard; name = Base; path = Base.lproj/Main.storyboard; sourceTree = "<group>"; };
		C7FFAFDC28F58902002464CD /* Assets.xcassets */ = {isa = PBXFileReference; lastKnownFileType = folder.assetcatalog; path = Assets.xcassets; sourceTree = "<group>"; };
		C7FFAFDF28F58902002464CD /* Base */ = {isa = PBXFileReference; lastKnownFileType = file.storyboard; name = Base; path = Base.lproj/LaunchScreen.storyboard; sourceTree = "<group>"; };
		C7FFAFE128F58902002464CD /* Info.plist */ = {isa = PBXFileReference; lastKnownFileType = text.plist.xml; path = Info.plist; sourceTree = "<group>"; };
/* End PBXFileReference section */

/* Begin PBXFrameworksBuildPhase section */
		C7FFAFCD28F58901002464CD /* Frameworks */ = {
			isa = PBXFrameworksBuildPhase;
			buildActionMask = 2147483647;
			files = (
			);
			runOnlyForDeploymentPostprocessing = 0;
		};
/* End PBXFrameworksBuildPhase section */

/* Begin PBXGroup section */
		C7FFAFC728F58901002464CD = {
			isa = PBXGroup;
			children = (
				C7FFAFD228F58901002464CD /* Currency-Exchange */,
				C7FFAFD128F58901002464CD /* Products */,
			);
			sourceTree = "<group>";
		};
		C7FFAFD128F58901002464CD /* Products */ = {
			isa = PBXGroup;
			children = (
				C7FFAFD028F58901002464CD /* Currency-Exchange.app */,
			);
			name = Products;
			sourceTree = "<group>";
		};
		C7FFAFD228F58901002464CD /* Currency-Exchange */ = {
			isa = PBXGroup;
			children = (
				C7FFAFE728F589E3002464CD /* App&SceneDelegate */,
				C7FFAFE928F58EC2002464CD /* Modules */,
				C7FFAFEE28F58EFB002464CD /* SupportingFiles */,
			);
			path = "Currency-Exchange";
			sourceTree = "<group>";
		};
		C7FFAFE728F589E3002464CD /* App&SceneDelegate */ = {
			isa = PBXGroup;
			children = (
				C7FFAFD328F58901002464CD /* AppDelegate.swift */,
				C7FFAFD528F58901002464CD /* SceneDelegate.swift */,
			);
			path = "App&SceneDelegate";
			sourceTree = "<group>";
		};
		C7FFAFE828F58EB4002464CD /* ExchangeScreen */ = {
			isa = PBXGroup;
			children = (
				C7FFAFEC28F58ED6002464CD /* Model */,
				C7FFAFEB28F58ED3002464CD /* View */,
				C7FFAFEA28F58ECF002464CD /* Presenter */,
			);
			path = ExchangeScreen;
			sourceTree = "<group>";
		};
		C7FFAFE928F58EC2002464CD /* Modules */ = {
			isa = PBXGroup;
			children = (
				C7FFAFE828F58EB4002464CD /* ExchangeScreen */,
			);
			path = Modules;
			sourceTree = "<group>";
		};
		C7FFAFEA28F58ECF002464CD /* Presenter */ = {
			isa = PBXGroup;
			children = (
			);
			path = Presenter;
			sourceTree = "<group>";
		};
		C7FFAFEB28F58ED3002464CD /* View */ = {
			isa = PBXGroup;
			children = (
				C7FFAFD728F58901002464CD /* ViewController.swift */,
				C7FFAFED28F58EDF002464CD /* Storyboard */,
			);
			path = View;
			sourceTree = "<group>";
		};
		C7FFAFEC28F58ED6002464CD /* Model */ = {
			isa = PBXGroup;
			children = (
			);
			path = Model;
			sourceTree = "<group>";
		};
		C7FFAFED28F58EDF002464CD /* Storyboard */ = {
			isa = PBXGroup;
			children = (
				C7FFAFD928F58901002464CD /* Main.storyboard */,
				C7FFAFDE28F58902002464CD /* LaunchScreen.storyboard */,
			);
			path = Storyboard;
			sourceTree = "<group>";
		};
		C7FFAFEE28F58EFB002464CD /* SupportingFiles */ = {
			isa = PBXGroup;
			children = (
				C7FFAFDC28F58902002464CD /* Assets.xcassets */,
				C7FFAFE128F58902002464CD /* Info.plist */,
			);
			path = SupportingFiles;
			sourceTree = "<group>";
		};
/* End PBXGroup section */

/* Begin PBXNativeTarget section */
		C7FFAFCF28F58901002464CD /* Currency-Exchange */ = {
			isa = PBXNativeTarget;
			buildConfigurationList = C7FFAFE428F58902002464CD /* Build configuration list for PBXNativeTarget "Currency-Exchange" */;
			buildPhases = (
				C7FFAFCC28F58901002464CD /* Sources */,
				C7FFAFCD28F58901002464CD /* Frameworks */,
				C7FFAFCE28F58901002464CD /* Resources */,
			);
			buildRules = (
			);
			dependencies = (
			);
			name = "Currency-Exchange";
			productName = "Currency-Exchange";
			productReference = C7FFAFD028F58901002464CD /* Currency-Exchange.app */;
			productType = "com.apple.product-type.application";
		};
/* End PBXNativeTarget section */

/* Begin PBXProject section */
		C7FFAFC828F58901002464CD /* Project object */ = {
			isa = PBXProject;
			attributes = {
				BuildIndependentTargetsInParallel = 1;
				LastSwiftUpdateCheck = 1400;
				LastUpgradeCheck = 1400;
				TargetAttributes = {
					C7FFAFCF28F58901002464CD = {
						CreatedOnToolsVersion = 14.0.1;
					};
				};
			};
			buildConfigurationList = C7FFAFCB28F58901002464CD /* Build configuration list for PBXProject "Currency-Exchange" */;
			compatibilityVersion = "Xcode 14.0";
			developmentRegion = en;
			hasScannedForEncodings = 0;
			knownRegions = (
				en,
				Base,
			);
			mainGroup = C7FFAFC728F58901002464CD;
			productRefGroup = C7FFAFD128F58901002464CD /* Products */;
			projectDirPath = "";
			projectRoot = "";
			targets = (
				C7FFAFCF28F58901002464CD /* Currency-Exchange */,
			);
		};
/* End PBXProject section */

/* Begin PBXResourcesBuildPhase section */
		C7FFAFCE28F58901002464CD /* Resources */ = {
			isa = PBXResourcesBuildPhase;
			buildActionMask = 2147483647;
			files = (
				C7FFAFE028F58902002464CD /* LaunchScreen.storyboard in Resources */,
				C7FFAFDD28F58902002464CD /* Assets.xcassets in Resources */,
				C7FFAFDB28F58901002464CD /* Main.storyboard in Resources */,
			);
			runOnlyForDeploymentPostprocessing = 0;
		};
/* End PBXResourcesBuildPhase section */

/* Begin PBXSourcesBuildPhase section */
		C7FFAFCC28F58901002464CD /* Sources */ = {
			isa = PBXSourcesBuildPhase;
			buildActionMask = 2147483647;
			files = (
				C7FFAFD828F58901002464CD /* ViewController.swift in Sources */,
				C7FFAFD428F58901002464CD /* AppDelegate.swift in Sources */,
				C7FFAFD628F58901002464CD /* SceneDelegate.swift in Sources */,
			);
			runOnlyForDeploymentPostprocessing = 0;
		};
/* End PBXSourcesBuildPhase section */

/* Begin PBXVariantGroup section */
		C7FFAFD928F58901002464CD /* Main.storyboard */ = {
			isa = PBXVariantGroup;
			children = (
				C7FFAFDA28F58901002464CD /* Base */,
			);
			name = Main.storyboard;
			sourceTree = "<group>";
		};
		C7FFAFDE28F58902002464CD /* LaunchScreen.storyboard */ = {
			isa = PBXVariantGroup;
			children = (
				C7FFAFDF28F58902002464CD /* Base */,
			);
			name = LaunchScreen.storyboard;
			sourceTree = "<group>";
		};
/* End PBXVariantGroup section */

/* Begin XCBuildConfiguration section */
		C7FFAFE228F58902002464CD /* Debug */ = {
			isa = XCBuildConfiguration;
			buildSettings = {
				ALWAYS_SEARCH_USER_PATHS = NO;
				CLANG_ANALYZER_NONNULL = YES;
				CLANG_ANALYZER_NUMBER_OBJECT_CONVERSION = YES_AGGRESSIVE;
				CLANG_CXX_LANGUAGE_STANDARD = "gnu++20";
				CLANG_ENABLE_MODULES = YES;
				CLANG_ENABLE_OBJC_ARC = YES;
				CLANG_ENABLE_OBJC_WEAK = YES;
				CLANG_WARN_BLOCK_CAPTURE_AUTORELEASING = YES;
				CLANG_WARN_BOOL_CONVERSION = YES;
				CLANG_WARN_COMMA = YES;
				CLANG_WARN_CONSTANT_CONVERSION = YES;
				CLANG_WARN_DEPRECATED_OBJC_IMPLEMENTATIONS = YES;
				CLANG_WARN_DIRECT_OBJC_ISA_USAGE = YES_ERROR;
				CLANG_WARN_DOCUMENTATION_COMMENTS = YES;
				CLANG_WARN_EMPTY_BODY = YES;
				CLANG_WARN_ENUM_CONVERSION = YES;
				CLANG_WARN_INFINITE_RECURSION = YES;
				CLANG_WARN_INT_CONVERSION = YES;
				CLANG_WARN_NON_LITERAL_NULL_CONVERSION = YES;
				CLANG_WARN_OBJC_IMPLICIT_RETAIN_SELF = YES;
				CLANG_WARN_OBJC_LITERAL_CONVERSION = YES;
				CLANG_WARN_OBJC_ROOT_CLASS = YES_ERROR;
				CLANG_WARN_QUOTED_INCLUDE_IN_FRAMEWORK_HEADER = YES;
				CLANG_WARN_RANGE_LOOP_ANALYSIS = YES;
				CLANG_WARN_STRICT_PROTOTYPES = YES;
				CLANG_WARN_SUSPICIOUS_MOVE = YES;
				CLANG_WARN_UNGUARDED_AVAILABILITY = YES_AGGRESSIVE;
				CLANG_WARN_UNREACHABLE_CODE = YES;
				CLANG_WARN__DUPLICATE_METHOD_MATCH = YES;
				COPY_PHASE_STRIP = NO;
				DEBUG_INFORMATION_FORMAT = dwarf;
				ENABLE_STRICT_OBJC_MSGSEND = YES;
				ENABLE_TESTABILITY = YES;
				GCC_C_LANGUAGE_STANDARD = gnu11;
				GCC_DYNAMIC_NO_PIC = NO;
				GCC_NO_COMMON_BLOCKS = YES;
				GCC_OPTIMIZATION_LEVEL = 0;
				GCC_PREPROCESSOR_DEFINITIONS = (
					"DEBUG=1",
					"$(inherited)",
				);
				GCC_WARN_64_TO_32_BIT_CONVERSION = YES;
				GCC_WARN_ABOUT_RETURN_TYPE = YES_ERROR;
				GCC_WARN_UNDECLARED_SELECTOR = YES;
				GCC_WARN_UNINITIALIZED_AUTOS = YES_AGGRESSIVE;
				GCC_WARN_UNUSED_FUNCTION = YES;
				GCC_WARN_UNUSED_VARIABLE = YES;
				IPHONEOS_DEPLOYMENT_TARGET = 16.0;
				MTL_ENABLE_DEBUG_INFO = INCLUDE_SOURCE;
				MTL_FAST_MATH = YES;
				ONLY_ACTIVE_ARCH = YES;
				SDKROOT = iphoneos;
				SWIFT_ACTIVE_COMPILATION_CONDITIONS = DEBUG;
				SWIFT_OPTIMIZATION_LEVEL = "-Onone";
			};
			name = Debug;
		};
		C7FFAFE328F58902002464CD /* Release */ = {
			isa = XCBuildConfiguration;
			buildSettings = {
				ALWAYS_SEARCH_USER_PATHS = NO;
				CLANG_ANALYZER_NONNULL = YES;
				CLANG_ANALYZER_NUMBER_OBJECT_CONVERSION = YES_AGGRESSIVE;
				CLANG_CXX_LANGUAGE_STANDARD = "gnu++20";
				CLANG_ENABLE_MODULES = YES;
				CLANG_ENABLE_OBJC_ARC = YES;
				CLANG_ENABLE_OBJC_WEAK = YES;
				CLANG_WARN_BLOCK_CAPTURE_AUTORELEASING = YES;
				CLANG_WARN_BOOL_CONVERSION = YES;
				CLANG_WARN_COMMA = YES;
				CLANG_WARN_CONSTANT_CONVERSION = YES;
				CLANG_WARN_DEPRECATED_OBJC_IMPLEMENTATIONS = YES;
				CLANG_WARN_DIRECT_OBJC_ISA_USAGE = YES_ERROR;
				CLANG_WARN_DOCUMENTATION_COMMENTS = YES;
				CLANG_WARN_EMPTY_BODY = YES;
				CLANG_WARN_ENUM_CONVERSION = YES;
				CLANG_WARN_INFINITE_RECURSION = YES;
				CLANG_WARN_INT_CONVERSION = YES;
				CLANG_WARN_NON_LITERAL_NULL_CONVERSION = YES;
				CLANG_WARN_OBJC_IMPLICIT_RETAIN_SELF = YES;
				CLANG_WARN_OBJC_LITERAL_CONVERSION = YES;
				CLANG_WARN_OBJC_ROOT_CLASS = YES_ERROR;
				CLANG_WARN_QUOTED_INCLUDE_IN_FRAMEWORK_HEADER = YES;
				CLANG_WARN_RANGE_LOOP_ANALYSIS = YES;
				CLANG_WARN_STRICT_PROTOTYPES = YES;
				CLANG_WARN_SUSPICIOUS_MOVE = YES;
				CLANG_WARN_UNGUARDED_AVAILABILITY = YES_AGGRESSIVE;
				CLANG_WARN_UNREACHABLE_CODE = YES;
				CLANG_WARN__DUPLICATE_METHOD_MATCH = YES;
				COPY_PHASE_STRIP = NO;
				DEBUG_INFORMATION_FORMAT = "dwarf-with-dsym";
				ENABLE_NS_ASSERTIONS = NO;
				ENABLE_STRICT_OBJC_MSGSEND = YES;
				GCC_C_LANGUAGE_STANDARD = gnu11;
				GCC_NO_COMMON_BLOCKS = YES;
				GCC_WARN_64_TO_32_BIT_CONVERSION = YES;
				GCC_WARN_ABOUT_RETURN_TYPE = YES_ERROR;
				GCC_WARN_UNDECLARED_SELECTOR = YES;
				GCC_WARN_UNINITIALIZED_AUTOS = YES_AGGRESSIVE;
				GCC_WARN_UNUSED_FUNCTION = YES;
				GCC_WARN_UNUSED_VARIABLE = YES;
				IPHONEOS_DEPLOYMENT_TARGET = 16.0;
				MTL_ENABLE_DEBUG_INFO = NO;
				MTL_FAST_MATH = YES;
				SDKROOT = iphoneos;
				SWIFT_COMPILATION_MODE = wholemodule;
				SWIFT_OPTIMIZATION_LEVEL = "-O";
				VALIDATE_PRODUCT = YES;
			};
			name = Release;
		};
		C7FFAFE528F58902002464CD /* Debug */ = {
			isa = XCBuildConfiguration;
			buildSettings = {
				ASSETCATALOG_COMPILER_APPICON_NAME = AppIcon;
				ASSETCATALOG_COMPILER_GLOBAL_ACCENT_COLOR_NAME = AccentColor;
				CODE_SIGN_STYLE = Automatic;
				CURRENT_PROJECT_VERSION = 1;
				DEVELOPMENT_TEAM = SMZH48C953;
				GENERATE_INFOPLIST_FILE = YES;
				INFOPLIST_FILE = "Currency-Exchange/SupportingFiles/Info.plist";
				INFOPLIST_KEY_LSApplicationCategoryType = "public.app-category.finance";
				INFOPLIST_KEY_UIApplicationSupportsIndirectInputEvents = YES;
				INFOPLIST_KEY_UILaunchStoryboardName = LaunchScreen;
				INFOPLIST_KEY_UIMainStoryboardFile = Main;
				INFOPLIST_KEY_UISupportedInterfaceOrientations = UIInterfaceOrientationPortrait;
				INFOPLIST_KEY_UISupportedInterfaceOrientations_iPad = "UIInterfaceOrientationLandscapeLeft UIInterfaceOrientationLandscapeRight UIInterfaceOrientationPortrait UIInterfaceOrientationPortraitUpsideDown";
				LD_RUNPATH_SEARCH_PATHS = (
					"$(inherited)",
					"@executable_path/Frameworks",
				);
				MARKETING_VERSION = 1.0;
				PRODUCT_BUNDLE_IDENTIFIER = "Danylo-Klymov.Currency-Exchange";
				PRODUCT_NAME = "$(TARGET_NAME)";
				SUPPORTED_PLATFORMS = "iphoneos iphonesimulator";
				SUPPORTS_MACCATALYST = NO;
				SUPPORTS_MAC_DESIGNED_FOR_IPHONE_IPAD = NO;
				SWIFT_EMIT_LOC_STRINGS = YES;
				SWIFT_VERSION = 5.0;
				TARGETED_DEVICE_FAMILY = 1;
			};
			name = Debug;
		};
		C7FFAFE628F58902002464CD /* Release */ = {
			isa = XCBuildConfiguration;
			buildSettings = {
				ASSETCATALOG_COMPILER_APPICON_NAME = AppIcon;
				ASSETCATALOG_COMPILER_GLOBAL_ACCENT_COLOR_NAME = AccentColor;
				CODE_SIGN_STYLE = Automatic;
				CURRENT_PROJECT_VERSION = 1;
				DEVELOPMENT_TEAM = SMZH48C953;
				GENERATE_INFOPLIST_FILE = YES;
				INFOPLIST_FILE = "Currency-Exchange/SupportingFiles/Info.plist";
				INFOPLIST_KEY_LSApplicationCategoryType = "public.app-category.finance";
				INFOPLIST_KEY_UIApplicationSupportsIndirectInputEvents = YES;
				INFOPLIST_KEY_UILaunchStoryboardName = LaunchScreen;
				INFOPLIST_KEY_UIMainStoryboardFile = Main;
				INFOPLIST_KEY_UISupportedInterfaceOrientations = UIInterfaceOrientationPortrait;
				INFOPLIST_KEY_UISupportedInterfaceOrientations_iPad = "UIInterfaceOrientationLandscapeLeft UIInterfaceOrientationLandscapeRight UIInterfaceOrientationPortrait UIInterfaceOrientationPortraitUpsideDown";
				LD_RUNPATH_SEARCH_PATHS = (
					"$(inherited)",
					"@executable_path/Frameworks",
				);
				MARKETING_VERSION = 1.0;
				PRODUCT_BUNDLE_IDENTIFIER = "Danylo-Klymov.Currency-Exchange";
				PRODUCT_NAME = "$(TARGET_NAME)";
				SUPPORTED_PLATFORMS = "iphoneos iphonesimulator";
				SUPPORTS_MACCATALYST = NO;
				SUPPORTS_MAC_DESIGNED_FOR_IPHONE_IPAD = NO;
				SWIFT_EMIT_LOC_STRINGS = YES;
				SWIFT_VERSION = 5.0;
				TARGETED_DEVICE_FAMILY = 1;
			};
			name = Release;
		};
/* End XCBuildConfiguration section */

/* Begin XCConfigurationList section */
		C7FFAFCB28F58901002464CD /* Build configuration list for PBXProject "Currency-Exchange" */ = {
			isa = XCConfigurationList;
			buildConfigurations = (
				C7FFAFE228F58902002464CD /* Debug */,
				C7FFAFE328F58902002464CD /* Release */,
			);
			defaultConfigurationIsVisible = 0;
			defaultConfigurationName = Release;
		};
		C7FFAFE428F58902002464CD /* Build configuration list for PBXNativeTarget "Currency-Exchange" */ = {
			isa = XCConfigurationList;
			buildConfigurations = (
				C7FFAFE528F58902002464CD /* Debug */,
				C7FFAFE628F58902002464CD /* Release */,
			);
			defaultConfigurationIsVisible = 0;
			defaultConfigurationName = Release;
		};
/* End XCConfigurationList section */
	};
	rootObject = C7FFAFC828F58901002464CD /* Project object */;
}
