// !$*UTF8*$!
{
	archiveVersion = 1;
	classes = {
	};
	objectVersion = 56;
	objects = {

/* Begin PBXBuildFile section */
		74877524DD463334C093F33C /* Pods_Currency_Exchange.framework in Frameworks */ = {isa = PBXBuildFile; fileRef = 5AFD001C84841F92BFF2C805 /* Pods_Currency_Exchange.framework */; };
		C73F919928F5FD910000485B /* ImageEnumProtocol.swift in Sources */ = {isa = PBXBuildFile; fileRef = C73F919828F5FD910000485B /* ImageEnumProtocol.swift */; };
		C73F919B28F5FF900000485B /* CurrencyEnum.swift in Sources */ = {isa = PBXBuildFile; fileRef = C73F919A28F5FF900000485B /* CurrencyEnum.swift */; };
		C73F919D28F6A04E0000485B /* CurrencySections.swift in Sources */ = {isa = PBXBuildFile; fileRef = C73F919C28F6A04E0000485B /* CurrencySections.swift */; };
		C73F919F28F6A6FD0000485B /* AmountCurrency.swift in Sources */ = {isa = PBXBuildFile; fileRef = C73F919E28F6A6FD0000485B /* AmountCurrency.swift */; };
		C73F91A228F6AECD0000485B /* ExchangeDataSource.swift in Sources */ = {isa = PBXBuildFile; fileRef = C73F91A128F6AECD0000485B /* ExchangeDataSource.swift */; };
		C73F91A628F6B2C90000485B /* SectionHeaderView.swift in Sources */ = {isa = PBXBuildFile; fileRef = C73F91A528F6B2C90000485B /* SectionHeaderView.swift */; };
		C73F91A828F6B3200000485B /* SectionHeaderView.xib in Resources */ = {isa = PBXBuildFile; fileRef = C73F91A728F6B3200000485B /* SectionHeaderView.xib */; };
		C73F91AA28F6BACA0000485B /* ExchangeModel.swift in Sources */ = {isa = PBXBuildFile; fileRef = C73F91A928F6BACA0000485B /* ExchangeModel.swift */; };
		C76D06D728F597850051D2C1 /* Colors.xcassets in Resources */ = {isa = PBXBuildFile; fileRef = C76D06D628F597850051D2C1 /* Colors.xcassets */; };
		C76D06DD28F598F90051D2C1 /* GlobalMetters.swift in Sources */ = {isa = PBXBuildFile; fileRef = C76D06DC28F598F90051D2C1 /* GlobalMetters.swift */; };
		C76D06DF28F599290051D2C1 /* CGFloatExtension.swift in Sources */ = {isa = PBXBuildFile; fileRef = C76D06DE28F599290051D2C1 /* CGFloatExtension.swift */; };
		C76D06E128F5995F0051D2C1 /* UIViewExtension.swift in Sources */ = {isa = PBXBuildFile; fileRef = C76D06E028F5995F0051D2C1 /* UIViewExtension.swift */; };
		C76D06E328F5A59C0051D2C1 /* swiftgen.yml in Resources */ = {isa = PBXBuildFile; fileRef = C76D06E228F5A59C0051D2C1 /* swiftgen.yml */; };
		C76D06E628F5A60F0051D2C1 /* Localization.strings in Resources */ = {isa = PBXBuildFile; fileRef = C76D06E828F5A60F0051D2C1 /* Localization.strings */; };
		C76D06F028F5A71A0051D2C1 /* Typealias.swift in Sources */ = {isa = PBXBuildFile; fileRef = C76D06EF28F5A71A0051D2C1 /* Typealias.swift */; };
		C76D06F328F5ECEB0051D2C1 /* CellReusableExtension.swift in Sources */ = {isa = PBXBuildFile; fileRef = C76D06F228F5ECEB0051D2C1 /* CellReusableExtension.swift */; };
		C76D06F628F5ED970051D2C1 /* CurrencyAmountCollectionViewCell.swift in Sources */ = {isa = PBXBuildFile; fileRef = C76D06F428F5ED970051D2C1 /* CurrencyAmountCollectionViewCell.swift */; };
		C76D06F728F5ED970051D2C1 /* CurrencyAmountCollectionViewCell.xib in Resources */ = {isa = PBXBuildFile; fileRef = C76D06F528F5ED970051D2C1 /* CurrencyAmountCollectionViewCell.xib */; };
		C76D06FA28F5EE140051D2C1 /* BaseCollectionViewCell.swift in Sources */ = {isa = PBXBuildFile; fileRef = C76D06F928F5EE140051D2C1 /* BaseCollectionViewCell.swift */; };
		C76D070328F5F3400051D2C1 /* CurrencyExchangeCollectionViewCell.swift in Sources */ = {isa = PBXBuildFile; fileRef = C76D070128F5F3400051D2C1 /* CurrencyExchangeCollectionViewCell.swift */; };
		C76D070628F5F7FF0051D2C1 /* DealTypeEnum.swift in Sources */ = {isa = PBXBuildFile; fileRef = C76D070528F5F7FF0051D2C1 /* DealTypeEnum.swift */; };
		C76D070928F5F9200051D2C1 /* BaseEnumProtocol.swift in Sources */ = {isa = PBXBuildFile; fileRef = C76D070828F5F9200051D2C1 /* BaseEnumProtocol.swift */; };
		C76D070B28F5F93D0051D2C1 /* TitleEnumProtocol.swift in Sources */ = {isa = PBXBuildFile; fileRef = C76D070A28F5F93D0051D2C1 /* TitleEnumProtocol.swift */; };
		C780F38728F6D20000E8DEF3 /* NetworkService.swift in Sources */ = {isa = PBXBuildFile; fileRef = C780F38628F6D20000E8DEF3 /* NetworkService.swift */; };
		C780F38928F6D23000E8DEF3 /* EndPoint.swift in Sources */ = {isa = PBXBuildFile; fileRef = C780F38828F6D23000E8DEF3 /* EndPoint.swift */; };
		C780F38B28F707C800E8DEF3 /* CurrencyExchangeCollectionViewCell.xib in Resources */ = {isa = PBXBuildFile; fileRef = C780F38A28F707C800E8DEF3 /* CurrencyExchangeCollectionViewCell.xib */; };
		C780F38F28F7599C00E8DEF3 /* Strings+Generated.swift in Sources */ = {isa = PBXBuildFile; fileRef = C780F38D28F7599C00E8DEF3 /* Strings+Generated.swift */; };
		C780F39028F7599C00E8DEF3 /* XCAssets+Generated.swift in Sources */ = {isa = PBXBuildFile; fileRef = C780F38E28F7599C00E8DEF3 /* XCAssets+Generated.swift */; };
		C7FFAFD428F58901002464CD /* AppDelegate.swift in Sources */ = {isa = PBXBuildFile; fileRef = C7FFAFD328F58901002464CD /* AppDelegate.swift */; };
		C7FFAFD628F58901002464CD /* SceneDelegate.swift in Sources */ = {isa = PBXBuildFile; fileRef = C7FFAFD528F58901002464CD /* SceneDelegate.swift */; };
		C7FFAFD828F58901002464CD /* ExchangeViewController.swift in Sources */ = {isa = PBXBuildFile; fileRef = C7FFAFD728F58901002464CD /* ExchangeViewController.swift */; };
		C7FFAFDB28F58901002464CD /* Main.storyboard in Resources */ = {isa = PBXBuildFile; fileRef = C7FFAFD928F58901002464CD /* Main.storyboard */; };
		C7FFAFDD28F58902002464CD /* Assets.xcassets in Resources */ = {isa = PBXBuildFile; fileRef = C7FFAFDC28F58902002464CD /* Assets.xcassets */; };
		C7FFAFE028F58902002464CD /* LaunchScreen.storyboard in Resources */ = {isa = PBXBuildFile; fileRef = C7FFAFDE28F58902002464CD /* LaunchScreen.storyboard */; };
		C7FFAFF128F590ED002464CD /* AssemblyModelBuilder.swift in Sources */ = {isa = PBXBuildFile; fileRef = C7FFAFF028F590ED002464CD /* AssemblyModelBuilder.swift */; };
		C7FFAFF428F59109002464CD /* Router.swift in Sources */ = {isa = PBXBuildFile; fileRef = C7FFAFF328F59109002464CD /* Router.swift */; };
		C7FFAFF628F591C6002464CD /* ExchangePresenter.swift in Sources */ = {isa = PBXBuildFile; fileRef = C7FFAFF528F591C6002464CD /* ExchangePresenter.swift */; };
/* End PBXBuildFile section */

/* Begin PBXFileReference section */
		5AFD001C84841F92BFF2C805 /* Pods_Currency_Exchange.framework */ = {isa = PBXFileReference; explicitFileType = wrapper.framework; includeInIndex = 0; path = Pods_Currency_Exchange.framework; sourceTree = BUILT_PRODUCTS_DIR; };
		BAD36AEC98CA379C0937785F /* Pods-Currency-Exchange.release.xcconfig */ = {isa = PBXFileReference; includeInIndex = 1; lastKnownFileType = text.xcconfig; name = "Pods-Currency-Exchange.release.xcconfig"; path = "Target Support Files/Pods-Currency-Exchange/Pods-Currency-Exchange.release.xcconfig"; sourceTree = "<group>"; };
		C73F919828F5FD910000485B /* ImageEnumProtocol.swift */ = {isa = PBXFileReference; lastKnownFileType = sourcecode.swift; path = ImageEnumProtocol.swift; sourceTree = "<group>"; };
		C73F919A28F5FF900000485B /* CurrencyEnum.swift */ = {isa = PBXFileReference; lastKnownFileType = sourcecode.swift; path = CurrencyEnum.swift; sourceTree = "<group>"; };
		C73F919C28F6A04E0000485B /* CurrencySections.swift */ = {isa = PBXFileReference; lastKnownFileType = sourcecode.swift; path = CurrencySections.swift; sourceTree = "<group>"; };
		C73F919E28F6A6FD0000485B /* AmountCurrency.swift */ = {isa = PBXFileReference; lastKnownFileType = sourcecode.swift; path = AmountCurrency.swift; sourceTree = "<group>"; };
		C73F91A128F6AECD0000485B /* ExchangeDataSource.swift */ = {isa = PBXFileReference; lastKnownFileType = sourcecode.swift; path = ExchangeDataSource.swift; sourceTree = "<group>"; };
		C73F91A528F6B2C90000485B /* SectionHeaderView.swift */ = {isa = PBXFileReference; lastKnownFileType = sourcecode.swift; path = SectionHeaderView.swift; sourceTree = "<group>"; };
		C73F91A728F6B3200000485B /* SectionHeaderView.xib */ = {isa = PBXFileReference; lastKnownFileType = file.xib; path = SectionHeaderView.xib; sourceTree = "<group>"; };
		C73F91A928F6BACA0000485B /* ExchangeModel.swift */ = {isa = PBXFileReference; lastKnownFileType = sourcecode.swift; path = ExchangeModel.swift; sourceTree = "<group>"; };
		C76D06D628F597850051D2C1 /* Colors.xcassets */ = {isa = PBXFileReference; lastKnownFileType = folder.assetcatalog; path = Colors.xcassets; sourceTree = "<group>"; };
		C76D06DC28F598F90051D2C1 /* GlobalMetters.swift */ = {isa = PBXFileReference; lastKnownFileType = sourcecode.swift; path = GlobalMetters.swift; sourceTree = "<group>"; };
		C76D06DE28F599290051D2C1 /* CGFloatExtension.swift */ = {isa = PBXFileReference; lastKnownFileType = sourcecode.swift; path = CGFloatExtension.swift; sourceTree = "<group>"; };
		C76D06E028F5995F0051D2C1 /* UIViewExtension.swift */ = {isa = PBXFileReference; lastKnownFileType = sourcecode.swift; path = UIViewExtension.swift; sourceTree = "<group>"; };
		C76D06E228F5A59C0051D2C1 /* swiftgen.yml */ = {isa = PBXFileReference; fileEncoding = 4; lastKnownFileType = text.yaml; path = swiftgen.yml; sourceTree = "<group>"; };
		C76D06E728F5A60F0051D2C1 /* en */ = {isa = PBXFileReference; lastKnownFileType = text.plist.strings; name = en; path = en.lproj/Localization.strings; sourceTree = "<group>"; };
		C76D06EF28F5A71A0051D2C1 /* Typealias.swift */ = {isa = PBXFileReference; lastKnownFileType = sourcecode.swift; path = Typealias.swift; sourceTree = "<group>"; };
		C76D06F228F5ECEB0051D2C1 /* CellReusableExtension.swift */ = {isa = PBXFileReference; lastKnownFileType = sourcecode.swift; path = CellReusableExtension.swift; sourceTree = "<group>"; };
		C76D06F428F5ED970051D2C1 /* CurrencyAmountCollectionViewCell.swift */ = {isa = PBXFileReference; lastKnownFileType = sourcecode.swift; path = CurrencyAmountCollectionViewCell.swift; sourceTree = "<group>"; };
		C76D06F528F5ED970051D2C1 /* CurrencyAmountCollectionViewCell.xib */ = {isa = PBXFileReference; lastKnownFileType = file.xib; path = CurrencyAmountCollectionViewCell.xib; sourceTree = "<group>"; };
		C76D06F928F5EE140051D2C1 /* BaseCollectionViewCell.swift */ = {isa = PBXFileReference; lastKnownFileType = sourcecode.swift; path = BaseCollectionViewCell.swift; sourceTree = "<group>"; };
		C76D070128F5F3400051D2C1 /* CurrencyExchangeCollectionViewCell.swift */ = {isa = PBXFileReference; lastKnownFileType = sourcecode.swift; path = CurrencyExchangeCollectionViewCell.swift; sourceTree = "<group>"; };
		C76D070528F5F7FF0051D2C1 /* DealTypeEnum.swift */ = {isa = PBXFileReference; lastKnownFileType = sourcecode.swift; path = DealTypeEnum.swift; sourceTree = "<group>"; };
		C76D070828F5F9200051D2C1 /* BaseEnumProtocol.swift */ = {isa = PBXFileReference; lastKnownFileType = sourcecode.swift; path = BaseEnumProtocol.swift; sourceTree = "<group>"; };
		C76D070A28F5F93D0051D2C1 /* TitleEnumProtocol.swift */ = {isa = PBXFileReference; lastKnownFileType = sourcecode.swift; path = TitleEnumProtocol.swift; sourceTree = "<group>"; };
		C780F38628F6D20000E8DEF3 /* NetworkService.swift */ = {isa = PBXFileReference; lastKnownFileType = sourcecode.swift; path = NetworkService.swift; sourceTree = "<group>"; };
		C780F38828F6D23000E8DEF3 /* EndPoint.swift */ = {isa = PBXFileReference; lastKnownFileType = sourcecode.swift; path = EndPoint.swift; sourceTree = "<group>"; };
		C780F38A28F707C800E8DEF3 /* CurrencyExchangeCollectionViewCell.xib */ = {isa = PBXFileReference; lastKnownFileType = file.xib; path = CurrencyExchangeCollectionViewCell.xib; sourceTree = "<group>"; };
		C780F38D28F7599C00E8DEF3 /* Strings+Generated.swift */ = {isa = PBXFileReference; fileEncoding = 4; lastKnownFileType = sourcecode.swift; path = "Strings+Generated.swift"; sourceTree = "<group>"; };
		C780F38E28F7599C00E8DEF3 /* XCAssets+Generated.swift */ = {isa = PBXFileReference; fileEncoding = 4; lastKnownFileType = sourcecode.swift; path = "XCAssets+Generated.swift"; sourceTree = "<group>"; };
		C7FFAFD028F58901002464CD /* Currency-Exchange.app */ = {isa = PBXFileReference; explicitFileType = wrapper.application; includeInIndex = 0; path = "Currency-Exchange.app"; sourceTree = BUILT_PRODUCTS_DIR; };
		C7FFAFD328F58901002464CD /* AppDelegate.swift */ = {isa = PBXFileReference; lastKnownFileType = sourcecode.swift; path = AppDelegate.swift; sourceTree = "<group>"; };
		C7FFAFD528F58901002464CD /* SceneDelegate.swift */ = {isa = PBXFileReference; lastKnownFileType = sourcecode.swift; path = SceneDelegate.swift; sourceTree = "<group>"; };
		C7FFAFD728F58901002464CD /* ExchangeViewController.swift */ = {isa = PBXFileReference; lastKnownFileType = sourcecode.swift; path = ExchangeViewController.swift; sourceTree = "<group>"; };
		C7FFAFDA28F58901002464CD /* Base */ = {isa = PBXFileReference; lastKnownFileType = file.storyboard; name = Base; path = Base.lproj/Main.storyboard; sourceTree = "<group>"; };
		C7FFAFDC28F58902002464CD /* Assets.xcassets */ = {isa = PBXFileReference; lastKnownFileType = folder.assetcatalog; path = Assets.xcassets; sourceTree = "<group>"; };
		C7FFAFDF28F58902002464CD /* Base */ = {isa = PBXFileReference; lastKnownFileType = file.storyboard; name = Base; path = Base.lproj/LaunchScreen.storyboard; sourceTree = "<group>"; };
		C7FFAFE128F58902002464CD /* Info.plist */ = {isa = PBXFileReference; lastKnownFileType = text.plist.xml; path = Info.plist; sourceTree = "<group>"; };
		C7FFAFF028F590ED002464CD /* AssemblyModelBuilder.swift */ = {isa = PBXFileReference; lastKnownFileType = sourcecode.swift; path = AssemblyModelBuilder.swift; sourceTree = "<group>"; };
		C7FFAFF328F59109002464CD /* Router.swift */ = {isa = PBXFileReference; lastKnownFileType = sourcecode.swift; path = Router.swift; sourceTree = "<group>"; };
		C7FFAFF528F591C6002464CD /* ExchangePresenter.swift */ = {isa = PBXFileReference; lastKnownFileType = sourcecode.swift; path = ExchangePresenter.swift; sourceTree = "<group>"; };
		F1B70E49CEF4CF6E991AC58D /* Pods-Currency-Exchange.debug.xcconfig */ = {isa = PBXFileReference; includeInIndex = 1; lastKnownFileType = text.xcconfig; name = "Pods-Currency-Exchange.debug.xcconfig"; path = "Target Support Files/Pods-Currency-Exchange/Pods-Currency-Exchange.debug.xcconfig"; sourceTree = "<group>"; };
/* End PBXFileReference section */

/* Begin PBXFrameworksBuildPhase section */
		C7FFAFCD28F58901002464CD /* Frameworks */ = {
			isa = PBXFrameworksBuildPhase;
			buildActionMask = 2147483647;
			files = (
				74877524DD463334C093F33C /* Pods_Currency_Exchange.framework in Frameworks */,
			);
			runOnlyForDeploymentPostprocessing = 0;
		};
/* End PBXFrameworksBuildPhase section */

/* Begin PBXGroup section */
		8E1654BB88968A4C9103BDA6 /* Pods */ = {
			isa = PBXGroup;
			children = (
				F1B70E49CEF4CF6E991AC58D /* Pods-Currency-Exchange.debug.xcconfig */,
				BAD36AEC98CA379C0937785F /* Pods-Currency-Exchange.release.xcconfig */,
			);
			path = Pods;
			sourceTree = "<group>";
		};
		A4F51155CDB7236951118BFA /* Frameworks */ = {
			isa = PBXGroup;
			children = (
				5AFD001C84841F92BFF2C805 /* Pods_Currency_Exchange.framework */,
			);
			name = Frameworks;
			sourceTree = "<group>";
		};
		C73F91A028F6AEBD0000485B /* DataSource */ = {
			isa = PBXGroup;
			children = (
				C73F91A128F6AECD0000485B /* ExchangeDataSource.swift */,
			);
			path = DataSource;
			sourceTree = "<group>";
		};
		C73F91A328F6B24C0000485B /* Cells */ = {
			isa = PBXGroup;
			children = (
				C76D070028F5F2510051D2C1 /* CurrencyExchangeCollectionViewCell */,
				C76D06F128F5ECAE0051D2C1 /* CurrencyAmountCollectionViewCell */,
			);
			path = Cells;
			sourceTree = "<group>";
		};
		C73F91A428F6B2870000485B /* Headers and Footers */ = {
			isa = PBXGroup;
			children = (
				C73F91A528F6B2C90000485B /* SectionHeaderView.swift */,
				C73F91A728F6B3200000485B /* SectionHeaderView.xib */,
			);
			path = "Headers and Footers";
			sourceTree = "<group>";
		};
		C76D06D828F598060051D2C1 /* Extensions */ = {
			isa = PBXGroup;
			children = (
				C76D06DE28F599290051D2C1 /* CGFloatExtension.swift */,
				C76D06E028F5995F0051D2C1 /* UIViewExtension.swift */,
				C76D06F228F5ECEB0051D2C1 /* CellReusableExtension.swift */,
			);
			path = Extensions;
			sourceTree = "<group>";
		};
		C76D06DB28F598DC0051D2C1 /* Constants */ = {
			isa = PBXGroup;
			children = (
				C76D06DC28F598F90051D2C1 /* GlobalMetters.swift */,
				C76D06EF28F5A71A0051D2C1 /* Typealias.swift */,
			);
			path = Constants;
			sourceTree = "<group>";
		};
		C76D06F128F5ECAE0051D2C1 /* CurrencyAmountCollectionViewCell */ = {
			isa = PBXGroup;
			children = (
				C76D06F428F5ED970051D2C1 /* CurrencyAmountCollectionViewCell.swift */,
				C76D06F528F5ED970051D2C1 /* CurrencyAmountCollectionViewCell.xib */,
			);
			path = CurrencyAmountCollectionViewCell;
			sourceTree = "<group>";
		};
		C76D06F828F5EE030051D2C1 /* BaseElements */ = {
			isa = PBXGroup;
			children = (
				C76D06F928F5EE140051D2C1 /* BaseCollectionViewCell.swift */,
			);
			path = BaseElements;
			sourceTree = "<group>";
		};
		C76D070028F5F2510051D2C1 /* CurrencyExchangeCollectionViewCell */ = {
			isa = PBXGroup;
			children = (
				C76D070128F5F3400051D2C1 /* CurrencyExchangeCollectionViewCell.swift */,
				C780F38A28F707C800E8DEF3 /* CurrencyExchangeCollectionViewCell.xib */,
			);
			path = CurrencyExchangeCollectionViewCell;
			sourceTree = "<group>";
		};
		C76D070728F5F9100051D2C1 /* Protocols */ = {
			isa = PBXGroup;
			children = (
				C76D070828F5F9200051D2C1 /* BaseEnumProtocol.swift */,
				C76D070A28F5F93D0051D2C1 /* TitleEnumProtocol.swift */,
				C73F919828F5FD910000485B /* ImageEnumProtocol.swift */,
			);
			path = Protocols;
			sourceTree = "<group>";
		};
		C780F38528F6D1D200E8DEF3 /* NetworkService */ = {
			isa = PBXGroup;
			children = (
				C780F38628F6D20000E8DEF3 /* NetworkService.swift */,
				C780F38828F6D23000E8DEF3 /* EndPoint.swift */,
			);
			path = NetworkService;
			sourceTree = "<group>";
		};
		C780F38C28F7593E00E8DEF3 /* Generated */ = {
			isa = PBXGroup;
			children = (
				C780F38D28F7599C00E8DEF3 /* Strings+Generated.swift */,
				C780F38E28F7599C00E8DEF3 /* XCAssets+Generated.swift */,
			);
			path = Generated;
			sourceTree = "<group>";
		};
		C7FFAFC728F58901002464CD = {
			isa = PBXGroup;
			children = (
				C76D06E228F5A59C0051D2C1 /* swiftgen.yml */,
				C7FFAFD228F58901002464CD /* Currency-Exchange */,
				C7FFAFD128F58901002464CD /* Products */,
				8E1654BB88968A4C9103BDA6 /* Pods */,
				A4F51155CDB7236951118BFA /* Frameworks */,
			);
			sourceTree = "<group>";
		};
		C7FFAFD128F58901002464CD /* Products */ = {
			isa = PBXGroup;
			children = (
				C7FFAFD028F58901002464CD /* Currency-Exchange.app */,
			);
			name = Products;
			sourceTree = "<group>";
		};
		C7FFAFD228F58901002464CD /* Currency-Exchange */ = {
			isa = PBXGroup;
			children = (
				C780F38528F6D1D200E8DEF3 /* NetworkService */,
				C76D070728F5F9100051D2C1 /* Protocols */,
				C7FFAFE728F589E3002464CD /* App&SceneDelegate */,
				C7FFAFEF28F590E1002464CD /* AssemblyModelBuilder */,
				C76D06F828F5EE030051D2C1 /* BaseElements */,
				C76D06DB28F598DC0051D2C1 /* Constants */,
				C76D06D828F598060051D2C1 /* Extensions */,
				C7FFAFE928F58EC2002464CD /* Modules */,
				C7FFAFF228F590FA002464CD /* Router */,
				C7FFAFEE28F58EFB002464CD /* SupportingFiles */,
			);
			path = "Currency-Exchange";
			sourceTree = "<group>";
		};
		C7FFAFE728F589E3002464CD /* App&SceneDelegate */ = {
			isa = PBXGroup;
			children = (
				C7FFAFD328F58901002464CD /* AppDelegate.swift */,
				C7FFAFD528F58901002464CD /* SceneDelegate.swift */,
			);
			path = "App&SceneDelegate";
			sourceTree = "<group>";
		};
		C7FFAFE828F58EB4002464CD /* Exchange */ = {
			isa = PBXGroup;
			children = (
				C73F91A028F6AEBD0000485B /* DataSource */,
				C7FFAFEC28F58ED6002464CD /* Model */,
				C7FFAFEB28F58ED3002464CD /* Views */,
				C7FFAFEA28F58ECF002464CD /* Presenter */,
			);
			path = Exchange;
			sourceTree = "<group>";
		};
		C7FFAFE928F58EC2002464CD /* Modules */ = {
			isa = PBXGroup;
			children = (
				C7FFAFE828F58EB4002464CD /* Exchange */,
			);
			path = Modules;
			sourceTree = "<group>";
		};
		C7FFAFEA28F58ECF002464CD /* Presenter */ = {
			isa = PBXGroup;
			children = (
				C7FFAFF528F591C6002464CD /* ExchangePresenter.swift */,
			);
			path = Presenter;
			sourceTree = "<group>";
		};
		C7FFAFEB28F58ED3002464CD /* Views */ = {
			isa = PBXGroup;
			children = (
				C73F91A428F6B2870000485B /* Headers and Footers */,
				C73F91A328F6B24C0000485B /* Cells */,
				C7FFAFED28F58EDF002464CD /* Storyboard */,
				C7FFAFD728F58901002464CD /* ExchangeViewController.swift */,
			);
			path = Views;
			sourceTree = "<group>";
		};
		C7FFAFEC28F58ED6002464CD /* Model */ = {
			isa = PBXGroup;
			children = (
				C76D070528F5F7FF0051D2C1 /* DealTypeEnum.swift */,
				C73F919A28F5FF900000485B /* CurrencyEnum.swift */,
				C73F919C28F6A04E0000485B /* CurrencySections.swift */,
				C73F919E28F6A6FD0000485B /* AmountCurrency.swift */,
				C73F91A928F6BACA0000485B /* ExchangeModel.swift */,
			);
			path = Model;
			sourceTree = "<group>";
		};
		C7FFAFED28F58EDF002464CD /* Storyboard */ = {
			isa = PBXGroup;
			children = (
				C7FFAFD928F58901002464CD /* Main.storyboard */,
				C7FFAFDE28F58902002464CD /* LaunchScreen.storyboard */,
			);
			path = Storyboard;
			sourceTree = "<group>";
		};
		C7FFAFEE28F58EFB002464CD /* SupportingFiles */ = {
			isa = PBXGroup;
			children = (
				C780F38C28F7593E00E8DEF3 /* Generated */,
				C7FFAFDC28F58902002464CD /* Assets.xcassets */,
				C76D06D628F597850051D2C1 /* Colors.xcassets */,
				C7FFAFE128F58902002464CD /* Info.plist */,
				C76D06E828F5A60F0051D2C1 /* Localization.strings */,
			);
			path = SupportingFiles;
			sourceTree = "<group>";
		};
		C7FFAFEF28F590E1002464CD /* AssemblyModelBuilder */ = {
			isa = PBXGroup;
			children = (
				C7FFAFF028F590ED002464CD /* AssemblyModelBuilder.swift */,
			);
			path = AssemblyModelBuilder;
			sourceTree = "<group>";
		};
		C7FFAFF228F590FA002464CD /* Router */ = {
			isa = PBXGroup;
			children = (
				C7FFAFF328F59109002464CD /* Router.swift */,
			);
			path = Router;
			sourceTree = "<group>";
		};
/* End PBXGroup section */

/* Begin PBXNativeTarget section */
		C7FFAFCF28F58901002464CD /* Currency-Exchange */ = {
			isa = PBXNativeTarget;
			buildConfigurationList = C7FFAFE428F58902002464CD /* Build configuration list for PBXNativeTarget "Currency-Exchange" */;
			buildPhases = (
				444B6209B5A3ACB70387600F /* [CP] Check Pods Manifest.lock */,
				C76D06E928F5A62F0051D2C1 /* SwiftGen */,
				C7FFAFCC28F58901002464CD /* Sources */,
				C7FFAFCD28F58901002464CD /* Frameworks */,
				C7FFAFCE28F58901002464CD /* Resources */,
				89ED6DDF5414216191D5C98C /* [CP] Embed Pods Frameworks */,
			);
			buildRules = (
			);
			dependencies = (
			);
			name = "Currency-Exchange";
			productName = "Currency-Exchange";
			productReference = C7FFAFD028F58901002464CD /* Currency-Exchange.app */;
			productType = "com.apple.product-type.application";
		};
/* End PBXNativeTarget section */

/* Begin PBXProject section */
		C7FFAFC828F58901002464CD /* Project object */ = {
			isa = PBXProject;
			attributes = {
				BuildIndependentTargetsInParallel = 1;
				LastSwiftUpdateCheck = 1400;
				LastUpgradeCheck = 1400;
				TargetAttributes = {
					C7FFAFCF28F58901002464CD = {
						CreatedOnToolsVersion = 14.0.1;
					};
				};
			};
			buildConfigurationList = C7FFAFCB28F58901002464CD /* Build configuration list for PBXProject "Currency-Exchange" */;
			compatibilityVersion = "Xcode 14.0";
			developmentRegion = en;
			hasScannedForEncodings = 0;
			knownRegions = (
				en,
				Base,
			);
			mainGroup = C7FFAFC728F58901002464CD;
			productRefGroup = C7FFAFD128F58901002464CD /* Products */;
			projectDirPath = "";
			projectRoot = "";
			targets = (
				C7FFAFCF28F58901002464CD /* Currency-Exchange */,
			);
		};
/* End PBXProject section */

/* Begin PBXResourcesBuildPhase section */
		C7FFAFCE28F58901002464CD /* Resources */ = {
			isa = PBXResourcesBuildPhase;
			buildActionMask = 2147483647;
			files = (
				C7FFAFE028F58902002464CD /* LaunchScreen.storyboard in Resources */,
				C76D06E628F5A60F0051D2C1 /* Localization.strings in Resources */,
				C76D06E328F5A59C0051D2C1 /* swiftgen.yml in Resources */,
				C76D06D728F597850051D2C1 /* Colors.xcassets in Resources */,
				C780F38B28F707C800E8DEF3 /* CurrencyExchangeCollectionViewCell.xib in Resources */,
				C73F91A828F6B3200000485B /* SectionHeaderView.xib in Resources */,
				C7FFAFDD28F58902002464CD /* Assets.xcassets in Resources */,
				C7FFAFDB28F58901002464CD /* Main.storyboard in Resources */,
				C76D06F728F5ED970051D2C1 /* CurrencyAmountCollectionViewCell.xib in Resources */,
			);
			runOnlyForDeploymentPostprocessing = 0;
		};
/* End PBXResourcesBuildPhase section */

/* Begin PBXShellScriptBuildPhase section */
		444B6209B5A3ACB70387600F /* [CP] Check Pods Manifest.lock */ = {
			isa = PBXShellScriptBuildPhase;
			buildActionMask = 2147483647;
			files = (
			);
			inputFileListPaths = (
			);
			inputPaths = (
				"${PODS_PODFILE_DIR_PATH}/Podfile.lock",
				"${PODS_ROOT}/Manifest.lock",
			);
			name = "[CP] Check Pods Manifest.lock";
			outputFileListPaths = (
			);
			outputPaths = (
				"$(DERIVED_FILE_DIR)/Pods-Currency-Exchange-checkManifestLockResult.txt",
			);
			runOnlyForDeploymentPostprocessing = 0;
			shellPath = /bin/sh;
			shellScript = "diff \"${PODS_PODFILE_DIR_PATH}/Podfile.lock\" \"${PODS_ROOT}/Manifest.lock\" > /dev/null\nif [ $? != 0 ] ; then\n    # print error to STDERR\n    echo \"error: The sandbox is not in sync with the Podfile.lock. Run 'pod install' or update your CocoaPods installation.\" >&2\n    exit 1\nfi\n# This output is used by Xcode 'outputs' to avoid re-running this script phase.\necho \"SUCCESS\" > \"${SCRIPT_OUTPUT_FILE_0}\"\n";
			showEnvVarsInLog = 0;
		};
		89ED6DDF5414216191D5C98C /* [CP] Embed Pods Frameworks */ = {
			isa = PBXShellScriptBuildPhase;
			buildActionMask = 2147483647;
			files = (
			);
			inputFileListPaths = (
				"${PODS_ROOT}/Target Support Files/Pods-Currency-Exchange/Pods-Currency-Exchange-frameworks-${CONFIGURATION}-input-files.xcfilelist",
			);
			name = "[CP] Embed Pods Frameworks";
			outputFileListPaths = (
				"${PODS_ROOT}/Target Support Files/Pods-Currency-Exchange/Pods-Currency-Exchange-frameworks-${CONFIGURATION}-output-files.xcfilelist",
			);
			runOnlyForDeploymentPostprocessing = 0;
			shellPath = /bin/sh;
			shellScript = "\"${PODS_ROOT}/Target Support Files/Pods-Currency-Exchange/Pods-Currency-Exchange-frameworks.sh\"\n";
			showEnvVarsInLog = 0;
		};
		C76D06E928F5A62F0051D2C1 /* SwiftGen */ = {
			isa = PBXShellScriptBuildPhase;
			alwaysOutOfDate = 1;
			buildActionMask = 2147483647;
			files = (
			);
			inputFileListPaths = (
			);
			inputPaths = (
			);
			name = SwiftGen;
			outputFileListPaths = (
			);
			outputPaths = (
			);
			runOnlyForDeploymentPostprocessing = 0;
			shellPath = /bin/sh;
			shellScript = "if [[ -f \"${PODS_ROOT}/SwiftGen/bin/swiftgen\" ]]; then\n  \"${PODS_ROOT}/SwiftGen/bin/swiftgen\"\nelse\n  echo \"warning: SwiftGen is not installed. Run 'pod install --repo-update' to install it.\"\nfi \n";
		};
/* End PBXShellScriptBuildPhase section */

/* Begin PBXSourcesBuildPhase section */
		C7FFAFCC28F58901002464CD /* Sources */ = {
			isa = PBXSourcesBuildPhase;
			buildActionMask = 2147483647;
			files = (
				C76D06E128F5995F0051D2C1 /* UIViewExtension.swift in Sources */,
				C7FFAFD828F58901002464CD /* ExchangeViewController.swift in Sources */,
				C76D06DF28F599290051D2C1 /* CGFloatExtension.swift in Sources */,
				C73F91A628F6B2C90000485B /* SectionHeaderView.swift in Sources */,
				C73F919F28F6A6FD0000485B /* AmountCurrency.swift in Sources */,
				C76D06F628F5ED970051D2C1 /* CurrencyAmountCollectionViewCell.swift in Sources */,
				C76D06FA28F5EE140051D2C1 /* BaseCollectionViewCell.swift in Sources */,
				C73F91AA28F6BACA0000485B /* ExchangeModel.swift in Sources */,
				C73F919D28F6A04E0000485B /* CurrencySections.swift in Sources */,
				C76D06F328F5ECEB0051D2C1 /* CellReusableExtension.swift in Sources */,
				C7FFAFF628F591C6002464CD /* ExchangePresenter.swift in Sources */,
				C76D070328F5F3400051D2C1 /* CurrencyExchangeCollectionViewCell.swift in Sources */,
				C780F38728F6D20000E8DEF3 /* NetworkService.swift in Sources */,
				C7FFAFF128F590ED002464CD /* AssemblyModelBuilder.swift in Sources */,
				C76D06DD28F598F90051D2C1 /* GlobalMetters.swift in Sources */,
				C76D070928F5F9200051D2C1 /* BaseEnumProtocol.swift in Sources */,
				C73F919928F5FD910000485B /* ImageEnumProtocol.swift in Sources */,
				C76D070B28F5F93D0051D2C1 /* TitleEnumProtocol.swift in Sources */,
				C7FFAFF428F59109002464CD /* Router.swift in Sources */,
				C780F39028F7599C00E8DEF3 /* XCAssets+Generated.swift in Sources */,
				C76D070628F5F7FF0051D2C1 /* DealTypeEnum.swift in Sources */,
				C780F38F28F7599C00E8DEF3 /* Strings+Generated.swift in Sources */,
				C73F919B28F5FF900000485B /* CurrencyEnum.swift in Sources */,
				C7FFAFD428F58901002464CD /* AppDelegate.swift in Sources */,
				C7FFAFD628F58901002464CD /* SceneDelegate.swift in Sources */,
				C73F91A228F6AECD0000485B /* ExchangeDataSource.swift in Sources */,
				C76D06F028F5A71A0051D2C1 /* Typealias.swift in Sources */,
				C780F38928F6D23000E8DEF3 /* EndPoint.swift in Sources */,
			);
			runOnlyForDeploymentPostprocessing = 0;
		};
/* End PBXSourcesBuildPhase section */

/* Begin PBXVariantGroup section */
		C76D06E828F5A60F0051D2C1 /* Localization.strings */ = {
			isa = PBXVariantGroup;
			children = (
				C76D06E728F5A60F0051D2C1 /* en */,
			);
			name = Localization.strings;
			sourceTree = "<group>";
		};
		C7FFAFD928F58901002464CD /* Main.storyboard */ = {
			isa = PBXVariantGroup;
			children = (
				C7FFAFDA28F58901002464CD /* Base */,
			);
			name = Main.storyboard;
			sourceTree = "<group>";
		};
		C7FFAFDE28F58902002464CD /* LaunchScreen.storyboard */ = {
			isa = PBXVariantGroup;
			children = (
				C7FFAFDF28F58902002464CD /* Base */,
			);
			name = LaunchScreen.storyboard;
			sourceTree = "<group>";
		};
/* End PBXVariantGroup section */

/* Begin XCBuildConfiguration section */
		C7FFAFE228F58902002464CD /* Debug */ = {
			isa = XCBuildConfiguration;
			buildSettings = {
				ALWAYS_SEARCH_USER_PATHS = NO;
				CLANG_ANALYZER_NONNULL = YES;
				CLANG_ANALYZER_NUMBER_OBJECT_CONVERSION = YES_AGGRESSIVE;
				CLANG_CXX_LANGUAGE_STANDARD = "gnu++20";
				CLANG_ENABLE_MODULES = YES;
				CLANG_ENABLE_OBJC_ARC = YES;
				CLANG_ENABLE_OBJC_WEAK = YES;
				CLANG_WARN_BLOCK_CAPTURE_AUTORELEASING = YES;
				CLANG_WARN_BOOL_CONVERSION = YES;
				CLANG_WARN_COMMA = YES;
				CLANG_WARN_CONSTANT_CONVERSION = YES;
				CLANG_WARN_DEPRECATED_OBJC_IMPLEMENTATIONS = YES;
				CLANG_WARN_DIRECT_OBJC_ISA_USAGE = YES_ERROR;
				CLANG_WARN_DOCUMENTATION_COMMENTS = YES;
				CLANG_WARN_EMPTY_BODY = YES;
				CLANG_WARN_ENUM_CONVERSION = YES;
				CLANG_WARN_INFINITE_RECURSION = YES;
				CLANG_WARN_INT_CONVERSION = YES;
				CLANG_WARN_NON_LITERAL_NULL_CONVERSION = YES;
				CLANG_WARN_OBJC_IMPLICIT_RETAIN_SELF = YES;
				CLANG_WARN_OBJC_LITERAL_CONVERSION = YES;
				CLANG_WARN_OBJC_ROOT_CLASS = YES_ERROR;
				CLANG_WARN_QUOTED_INCLUDE_IN_FRAMEWORK_HEADER = YES;
				CLANG_WARN_RANGE_LOOP_ANALYSIS = YES;
				CLANG_WARN_STRICT_PROTOTYPES = YES;
				CLANG_WARN_SUSPICIOUS_MOVE = YES;
				CLANG_WARN_UNGUARDED_AVAILABILITY = YES_AGGRESSIVE;
				CLANG_WARN_UNREACHABLE_CODE = YES;
				CLANG_WARN__DUPLICATE_METHOD_MATCH = YES;
				COPY_PHASE_STRIP = NO;
				DEBUG_INFORMATION_FORMAT = dwarf;
				ENABLE_STRICT_OBJC_MSGSEND = YES;
				ENABLE_TESTABILITY = YES;
				GCC_C_LANGUAGE_STANDARD = gnu11;
				GCC_DYNAMIC_NO_PIC = NO;
				GCC_NO_COMMON_BLOCKS = YES;
				GCC_OPTIMIZATION_LEVEL = 0;
				GCC_PREPROCESSOR_DEFINITIONS = (
					"DEBUG=1",
					"$(inherited)",
				);
				GCC_WARN_64_TO_32_BIT_CONVERSION = YES;
				GCC_WARN_ABOUT_RETURN_TYPE = YES_ERROR;
				GCC_WARN_UNDECLARED_SELECTOR = YES;
				GCC_WARN_UNINITIALIZED_AUTOS = YES_AGGRESSIVE;
				GCC_WARN_UNUSED_FUNCTION = YES;
				GCC_WARN_UNUSED_VARIABLE = YES;
				IPHONEOS_DEPLOYMENT_TARGET = 15.0;
				MTL_ENABLE_DEBUG_INFO = INCLUDE_SOURCE;
				MTL_FAST_MATH = YES;
				ONLY_ACTIVE_ARCH = YES;
				SDKROOT = iphoneos;
				SWIFT_ACTIVE_COMPILATION_CONDITIONS = DEBUG;
				SWIFT_OPTIMIZATION_LEVEL = "-Onone";
			};
			name = Debug;
		};
		C7FFAFE328F58902002464CD /* Release */ = {
			isa = XCBuildConfiguration;
			buildSettings = {
				ALWAYS_SEARCH_USER_PATHS = NO;
				CLANG_ANALYZER_NONNULL = YES;
				CLANG_ANALYZER_NUMBER_OBJECT_CONVERSION = YES_AGGRESSIVE;
				CLANG_CXX_LANGUAGE_STANDARD = "gnu++20";
				CLANG_ENABLE_MODULES = YES;
				CLANG_ENABLE_OBJC_ARC = YES;
				CLANG_ENABLE_OBJC_WEAK = YES;
				CLANG_WARN_BLOCK_CAPTURE_AUTORELEASING = YES;
				CLANG_WARN_BOOL_CONVERSION = YES;
				CLANG_WARN_COMMA = YES;
				CLANG_WARN_CONSTANT_CONVERSION = YES;
				CLANG_WARN_DEPRECATED_OBJC_IMPLEMENTATIONS = YES;
				CLANG_WARN_DIRECT_OBJC_ISA_USAGE = YES_ERROR;
				CLANG_WARN_DOCUMENTATION_COMMENTS = YES;
				CLANG_WARN_EMPTY_BODY = YES;
				CLANG_WARN_ENUM_CONVERSION = YES;
				CLANG_WARN_INFINITE_RECURSION = YES;
				CLANG_WARN_INT_CONVERSION = YES;
				CLANG_WARN_NON_LITERAL_NULL_CONVERSION = YES;
				CLANG_WARN_OBJC_IMPLICIT_RETAIN_SELF = YES;
				CLANG_WARN_OBJC_LITERAL_CONVERSION = YES;
				CLANG_WARN_OBJC_ROOT_CLASS = YES_ERROR;
				CLANG_WARN_QUOTED_INCLUDE_IN_FRAMEWORK_HEADER = YES;
				CLANG_WARN_RANGE_LOOP_ANALYSIS = YES;
				CLANG_WARN_STRICT_PROTOTYPES = YES;
				CLANG_WARN_SUSPICIOUS_MOVE = YES;
				CLANG_WARN_UNGUARDED_AVAILABILITY = YES_AGGRESSIVE;
				CLANG_WARN_UNREACHABLE_CODE = YES;
				CLANG_WARN__DUPLICATE_METHOD_MATCH = YES;
				COPY_PHASE_STRIP = NO;
				DEBUG_INFORMATION_FORMAT = "dwarf-with-dsym";
				ENABLE_NS_ASSERTIONS = NO;
				ENABLE_STRICT_OBJC_MSGSEND = YES;
				GCC_C_LANGUAGE_STANDARD = gnu11;
				GCC_NO_COMMON_BLOCKS = YES;
				GCC_WARN_64_TO_32_BIT_CONVERSION = YES;
				GCC_WARN_ABOUT_RETURN_TYPE = YES_ERROR;
				GCC_WARN_UNDECLARED_SELECTOR = YES;
				GCC_WARN_UNINITIALIZED_AUTOS = YES_AGGRESSIVE;
				GCC_WARN_UNUSED_FUNCTION = YES;
				GCC_WARN_UNUSED_VARIABLE = YES;
				IPHONEOS_DEPLOYMENT_TARGET = 15.0;
				MTL_ENABLE_DEBUG_INFO = NO;
				MTL_FAST_MATH = YES;
				SDKROOT = iphoneos;
				SWIFT_COMPILATION_MODE = wholemodule;
				SWIFT_OPTIMIZATION_LEVEL = "-O";
				VALIDATE_PRODUCT = YES;
			};
			name = Release;
		};
		C7FFAFE528F58902002464CD /* Debug */ = {
			isa = XCBuildConfiguration;
			baseConfigurationReference = F1B70E49CEF4CF6E991AC58D /* Pods-Currency-Exchange.debug.xcconfig */;
			buildSettings = {
				ASSETCATALOG_COMPILER_APPICON_NAME = AppIcon;
				ASSETCATALOG_COMPILER_GLOBAL_ACCENT_COLOR_NAME = AccentColor;
				CODE_SIGN_STYLE = Automatic;
				CURRENT_PROJECT_VERSION = 1;
				DEVELOPMENT_TEAM = SMZH48C953;
				GENERATE_INFOPLIST_FILE = YES;
				INFOPLIST_FILE = "Currency-Exchange/SupportingFiles/Info.plist";
				INFOPLIST_KEY_LSApplicationCategoryType = "public.app-category.finance";
				INFOPLIST_KEY_UIApplicationSupportsIndirectInputEvents = YES;
				INFOPLIST_KEY_UILaunchStoryboardName = LaunchScreen;
				INFOPLIST_KEY_UIMainStoryboardFile = Main;
				INFOPLIST_KEY_UISupportedInterfaceOrientations = UIInterfaceOrientationPortrait;
				INFOPLIST_KEY_UISupportedInterfaceOrientations_iPad = "UIInterfaceOrientationLandscapeLeft UIInterfaceOrientationLandscapeRight UIInterfaceOrientationPortrait UIInterfaceOrientationPortraitUpsideDown";
				IPHONEOS_DEPLOYMENT_TARGET = 15.0;
				LD_RUNPATH_SEARCH_PATHS = (
					"$(inherited)",
					"@executable_path/Frameworks",
				);
				MARKETING_VERSION = 1.0;
				PRODUCT_BUNDLE_IDENTIFIER = "Danylo-Klymov.Currency-Exchange";
				PRODUCT_NAME = "$(TARGET_NAME)";
				SUPPORTED_PLATFORMS = "iphoneos iphonesimulator";
				SUPPORTS_MACCATALYST = NO;
				SUPPORTS_MAC_DESIGNED_FOR_IPHONE_IPAD = NO;
				SWIFT_EMIT_LOC_STRINGS = YES;
				SWIFT_VERSION = 5.0;
				TARGETED_DEVICE_FAMILY = 1;
			};
			name = Debug;
		};
		C7FFAFE628F58902002464CD /* Release */ = {
			isa = XCBuildConfiguration;
			baseConfigurationReference = BAD36AEC98CA379C0937785F /* Pods-Currency-Exchange.release.xcconfig */;
			buildSettings = {
				ASSETCATALOG_COMPILER_APPICON_NAME = AppIcon;
				ASSETCATALOG_COMPILER_GLOBAL_ACCENT_COLOR_NAME = AccentColor;
				CODE_SIGN_STYLE = Automatic;
				CURRENT_PROJECT_VERSION = 1;
				DEVELOPMENT_TEAM = SMZH48C953;
				GENERATE_INFOPLIST_FILE = YES;
				INFOPLIST_FILE = "Currency-Exchange/SupportingFiles/Info.plist";
				INFOPLIST_KEY_LSApplicationCategoryType = "public.app-category.finance";
				INFOPLIST_KEY_UIApplicationSupportsIndirectInputEvents = YES;
				INFOPLIST_KEY_UILaunchStoryboardName = LaunchScreen;
				INFOPLIST_KEY_UIMainStoryboardFile = Main;
				INFOPLIST_KEY_UISupportedInterfaceOrientations = UIInterfaceOrientationPortrait;
				INFOPLIST_KEY_UISupportedInterfaceOrientations_iPad = "UIInterfaceOrientationLandscapeLeft UIInterfaceOrientationLandscapeRight UIInterfaceOrientationPortrait UIInterfaceOrientationPortraitUpsideDown";
				IPHONEOS_DEPLOYMENT_TARGET = 15.0;
				LD_RUNPATH_SEARCH_PATHS = (
					"$(inherited)",
					"@executable_path/Frameworks",
				);
				MARKETING_VERSION = 1.0;
				PRODUCT_BUNDLE_IDENTIFIER = "Danylo-Klymov.Currency-Exchange";
				PRODUCT_NAME = "$(TARGET_NAME)";
				SUPPORTED_PLATFORMS = "iphoneos iphonesimulator";
				SUPPORTS_MACCATALYST = NO;
				SUPPORTS_MAC_DESIGNED_FOR_IPHONE_IPAD = NO;
				SWIFT_EMIT_LOC_STRINGS = YES;
				SWIFT_VERSION = 5.0;
				TARGETED_DEVICE_FAMILY = 1;
			};
			name = Release;
		};
/* End XCBuildConfiguration section */

/* Begin XCConfigurationList section */
		C7FFAFCB28F58901002464CD /* Build configuration list for PBXProject "Currency-Exchange" */ = {
			isa = XCConfigurationList;
			buildConfigurations = (
				C7FFAFE228F58902002464CD /* Debug */,
				C7FFAFE328F58902002464CD /* Release */,
			);
			defaultConfigurationIsVisible = 0;
			defaultConfigurationName = Release;
		};
		C7FFAFE428F58902002464CD /* Build configuration list for PBXNativeTarget "Currency-Exchange" */ = {
			isa = XCConfigurationList;
			buildConfigurations = (
				C7FFAFE528F58902002464CD /* Debug */,
				C7FFAFE628F58902002464CD /* Release */,
			);
			defaultConfigurationIsVisible = 0;
			defaultConfigurationName = Release;
		};
/* End XCConfigurationList section */
	};
	rootObject = C7FFAFC828F58901002464CD /* Project object */;
}
